
Microsoft Visual Studio Solution File, Format Version 12.00
# Visual Studio Version 16
VisualStudioVersion = 16.0.30204.135
MinimumVisualStudioVersion = 10.0.40219.1
Project("{2150E333-8FDC-42A3-9474-1A3956D46DE8}") = "Services", "Services", "{C2A6A7DA-F99B-4925-99FD-E7711C718C70}"
EndProject
Project("{2150E333-8FDC-42A3-9474-1A3956D46DE8}") = "Catalog", "Catalog", "{04EEE5B3-8828-40E1-8F57-56190557A86A}"
EndProject
Project("{9A19103F-16F7-4668-BE54-9A1E7A4F7556}") = "Catalog.API", "Services\Catalog\Catalog.API\Catalog.API.csproj", "{173FEA4C-E48F-4B89-8AC3-CC0DD3BB81C2}"
EndProject
Project("{E53339B2-1760-4266-BCC7-CA923CBCF16C}") = "docker-compose", "docker-compose.dcproj", "{31B7A54B-216C-4908-AA06-A6EA27026DB2}"
EndProject
Project("{2150E333-8FDC-42A3-9474-1A3956D46DE8}") = "Basket", "Basket", "{3B820DFF-CD28-4A30-9084-FE687AD24314}"
EndProject
Project("{9A19103F-16F7-4668-BE54-9A1E7A4F7556}") = "Basket.API", "Services\Basket\Basket.API\Basket.API.csproj", "{93893006-977C-4A30-A563-D818742FA4F1}"
EndProject
Project("{2150E333-8FDC-42A3-9474-1A3956D46DE8}") = "Repositories", "Repositories", "{EFFC6FB3-8030-4061-8EE2-006436A2D16B}"
	ProjectSection(SolutionItems) = preProject
		BasketRepository.cs = BasketRepository.cs
		IBasketRepository.cs = IBasketRepository.cs
	EndProjectSection
EndProject
Project("{2150E333-8FDC-42A3-9474-1A3956D46DE8}") = "Discount", "Discount", "{DCA65156-229A-4432-9746-7BB599EDD770}"
EndProject
Project("{9A19103F-16F7-4668-BE54-9A1E7A4F7556}") = "Discount.API", "Services\Discount\Discount.API\Discount.API.csproj", "{1BD10A2A-81DC-4255-A31C-25ECD91B6DF7}"
EndProject
Project("{9A19103F-16F7-4668-BE54-9A1E7A4F7556}") = "Discount.Grpc", "Services\Discount\Discount.Grpc\Discount.Grpc.csproj", "{678D34D8-1103-4C6B-8451-15256DBD8B7B}"
EndProject
Project("{2150E333-8FDC-42A3-9474-1A3956D46DE8}") = "Ordering", "Ordering", "{3916F058-C078-462A-B279-40470224C3D9}"
EndProject
Project("{9A19103F-16F7-4668-BE54-9A1E7A4F7556}") = "Ordering.API", "Services\Ordering\Ordering.API\Ordering.API.csproj", "{D406A4A3-FFAC-4F2D-93FB-5B7027C83A22}"
EndProject
Project("{9A19103F-16F7-4668-BE54-9A1E7A4F7556}") = "Ordering.Domain", "Services\Ordering\Ordering.Domain\Ordering.Domain.csproj", "{492A3E70-8A48-4986-AE0D-0D22E34A19A9}"
EndProject
Project("{9A19103F-16F7-4668-BE54-9A1E7A4F7556}") = "Ordering.Application", "Services\Ordering\Ordering.Application\Ordering.Application.csproj", "{8066E93C-141E-4540-9463-8F95E1330E15}"
EndProject
Project("{9A19103F-16F7-4668-BE54-9A1E7A4F7556}") = "Ordering.Infrastructure", "Services\Ordering\Ordering.Infrastructure\Ordering.Infrastructure.csproj", "{2ACBB083-7294-4182-A1DF-65C65E3E45AE}"
EndProject
Project("{2150E333-8FDC-42A3-9474-1A3956D46DE8}") = "BuildingBlocks", "BuildingBlocks", "{51B54C8C-62A2-4160-82F9-CF95D90D5657}"
EndProject
Project("{9A19103F-16F7-4668-BE54-9A1E7A4F7556}") = "EventBus.Messages", "BuildingBlocks\EventBus.Messages\EventBus.Messages.csproj", "{392C0032-7D57-4B07-B817-C05513B8E218}"
EndProject
Project("{2150E333-8FDC-42A3-9474-1A3956D46DE8}") = "ApiGateways", "ApiGateways", "{2C68B005-70DF-4DA2-98D0-71B153359879}"
EndProject
Project("{9A19103F-16F7-4668-BE54-9A1E7A4F7556}") = "OcelotApiGw", "ApiGateways\OcelotApiGw\OcelotApiGw.csproj", "{0FC6F357-E6EF-46E4-8487-5A470B7B8F50}"
EndProject
Project("{9A19103F-16F7-4668-BE54-9A1E7A4F7556}") = "Shopping.Aggregator", "ApiGateways\Shopping.Aggregator\Shopping.Aggregator.csproj", "{4A330998-16E9-4A3A-BC97-B718DD88F3C8}"
EndProject
Project("{2150E333-8FDC-42A3-9474-1A3956D46DE8}") = "WebApps", "WebApps", "{79CF64F6-97F4-43E4-9E4D-70E335F243E6}"
EndProject
Project("{9A19103F-16F7-4668-BE54-9A1E7A4F7556}") = "AspnetRunBasics", "WebApps\AspnetRunBasics\AspnetRunBasics.csproj", "{A37FBA84-796B-4D87-9668-285B50DFBC0C}"
EndProject
Global
	GlobalSection(SolutionConfigurationPlatforms) = preSolution
		Debug|Any CPU = Debug|Any CPU
		Release|Any CPU = Release|Any CPU
	EndGlobalSection
	GlobalSection(ProjectConfigurationPlatforms) = postSolution
		{173FEA4C-E48F-4B89-8AC3-CC0DD3BB81C2}.Debug|Any CPU.ActiveCfg = Debug|Any CPU
		{173FEA4C-E48F-4B89-8AC3-CC0DD3BB81C2}.Debug|Any CPU.Build.0 = Debug|Any CPU
		{173FEA4C-E48F-4B89-8AC3-CC0DD3BB81C2}.Release|Any CPU.ActiveCfg = Release|Any CPU
		{173FEA4C-E48F-4B89-8AC3-CC0DD3BB81C2}.Release|Any CPU.Build.0 = Release|Any CPU
		{31B7A54B-216C-4908-AA06-A6EA27026DB2}.Debug|Any CPU.ActiveCfg = Debug|Any CPU
		{31B7A54B-216C-4908-AA06-A6EA27026DB2}.Debug|Any CPU.Build.0 = Debug|Any CPU
		{31B7A54B-216C-4908-AA06-A6EA27026DB2}.Release|Any CPU.ActiveCfg = Release|Any CPU
		{31B7A54B-216C-4908-AA06-A6EA27026DB2}.Release|Any CPU.Build.0 = Release|Any CPU
		{93893006-977C-4A30-A563-D818742FA4F1}.Debug|Any CPU.ActiveCfg = Debug|Any CPU
		{93893006-977C-4A30-A563-D818742FA4F1}.Debug|Any CPU.Build.0 = Debug|Any CPU
		{93893006-977C-4A30-A563-D818742FA4F1}.Release|Any CPU.ActiveCfg = Release|Any CPU
		{93893006-977C-4A30-A563-D818742FA4F1}.Release|Any CPU.Build.0 = Release|Any CPU
		{1BD10A2A-81DC-4255-A31C-25ECD91B6DF7}.Debug|Any CPU.ActiveCfg = Debug|Any CPU
		{1BD10A2A-81DC-4255-A31C-25ECD91B6DF7}.Debug|Any CPU.Build.0 = Debug|Any CPU
		{1BD10A2A-81DC-4255-A31C-25ECD91B6DF7}.Release|Any CPU.ActiveCfg = Release|Any CPU
		{1BD10A2A-81DC-4255-A31C-25ECD91B6DF7}.Release|Any CPU.Build.0 = Release|Any CPU
		{678D34D8-1103-4C6B-8451-15256DBD8B7B}.Debug|Any CPU.ActiveCfg = Debug|Any CPU
		{678D34D8-1103-4C6B-8451-15256DBD8B7B}.Debug|Any CPU.Build.0 = Debug|Any CPU
		{678D34D8-1103-4C6B-8451-15256DBD8B7B}.Release|Any CPU.ActiveCfg = Release|Any CPU
		{678D34D8-1103-4C6B-8451-15256DBD8B7B}.Release|Any CPU.Build.0 = Release|Any CPU
		{D406A4A3-FFAC-4F2D-93FB-5B7027C83A22}.Debug|Any CPU.ActiveCfg = Debug|Any CPU
		{D406A4A3-FFAC-4F2D-93FB-5B7027C83A22}.Debug|Any CPU.Build.0 = Debug|Any CPU
		{D406A4A3-FFAC-4F2D-93FB-5B7027C83A22}.Release|Any CPU.ActiveCfg = Release|Any CPU
		{D406A4A3-FFAC-4F2D-93FB-5B7027C83A22}.Release|Any CPU.Build.0 = Release|Any CPU
		{492A3E70-8A48-4986-AE0D-0D22E34A19A9}.Debug|Any CPU.ActiveCfg = Debug|Any CPU
		{492A3E70-8A48-4986-AE0D-0D22E34A19A9}.Debug|Any CPU.Build.0 = Debug|Any CPU
		{492A3E70-8A48-4986-AE0D-0D22E34A19A9}.Release|Any CPU.ActiveCfg = Release|Any CPU
		{492A3E70-8A48-4986-AE0D-0D22E34A19A9}.Release|Any CPU.Build.0 = Release|Any CPU
		{8066E93C-141E-4540-9463-8F95E1330E15}.Debug|Any CPU.ActiveCfg = Debug|Any CPU
		{8066E93C-141E-4540-9463-8F95E1330E15}.Debug|Any CPU.Build.0 = Debug|Any CPU
		{8066E93C-141E-4540-9463-8F95E1330E15}.Release|Any CPU.ActiveCfg = Release|Any CPU
		{8066E93C-141E-4540-9463-8F95E1330E15}.Release|Any CPU.Build.0 = Release|Any CPU
		{2ACBB083-7294-4182-A1DF-65C65E3E45AE}.Debug|Any CPU.ActiveCfg = Debug|Any CPU
		{2ACBB083-7294-4182-A1DF-65C65E3E45AE}.Debug|Any CPU.Build.0 = Debug|Any CPU
		{2ACBB083-7294-4182-A1DF-65C65E3E45AE}.Release|Any CPU.ActiveCfg = Release|Any CPU
		{2ACBB083-7294-4182-A1DF-65C65E3E45AE}.Release|Any CPU.Build.0 = Release|Any CPU
		{392C0032-7D57-4B07-B817-C05513B8E218}.Debug|Any CPU.ActiveCfg = Debug|Any CPU
		{392C0032-7D57-4B07-B817-C05513B8E218}.Debug|Any CPU.Build.0 = Debug|Any CPU
		{392C0032-7D57-4B07-B817-C05513B8E218}.Release|Any CPU.ActiveCfg = Release|Any CPU
		{392C0032-7D57-4B07-B817-C05513B8E218}.Release|Any CPU.Build.0 = Release|Any CPU
		{0FC6F357-E6EF-46E4-8487-5A470B7B8F50}.Debug|Any CPU.ActiveCfg = Debug|Any CPU
		{0FC6F357-E6EF-46E4-8487-5A470B7B8F50}.Debug|Any CPU.Build.0 = Debug|Any CPU
		{0FC6F357-E6EF-46E4-8487-5A470B7B8F50}.Release|Any CPU.ActiveCfg = Release|Any CPU
		{0FC6F357-E6EF-46E4-8487-5A470B7B8F50}.Release|Any CPU.Build.0 = Release|Any CPU
		{4A330998-16E9-4A3A-BC97-B718DD88F3C8}.Debug|Any CPU.ActiveCfg = Debug|Any CPU
		{4A330998-16E9-4A3A-BC97-B718DD88F3C8}.Debug|Any CPU.Build.0 = Debug|Any CPU
		{4A330998-16E9-4A3A-BC97-B718DD88F3C8}.Release|Any CPU.ActiveCfg = Release|Any CPU
		{4A330998-16E9-4A3A-BC97-B718DD88F3C8}.Release|Any CPU.Build.0 = Release|Any CPU
		{A37FBA84-796B-4D87-9668-285B50DFBC0C}.Debug|Any CPU.ActiveCfg = Debug|Any CPU
		{A37FBA84-796B-4D87-9668-285B50DFBC0C}.Debug|Any CPU.Build.0 = Debug|Any CPU
		{A37FBA84-796B-4D87-9668-285B50DFBC0C}.Release|Any CPU.ActiveCfg = Release|Any CPU
		{A37FBA84-796B-4D87-9668-285B50DFBC0C}.Release|Any CPU.Build.0 = Release|Any CPU
	EndGlobalSection
	GlobalSection(SolutionProperties) = preSolution
		HideSolutionNode = FALSE
	EndGlobalSection
	GlobalSection(NestedProjects) = preSolution
		{04EEE5B3-8828-40E1-8F57-56190557A86A} = {C2A6A7DA-F99B-4925-99FD-E7711C718C70}
		{173FEA4C-E48F-4B89-8AC3-CC0DD3BB81C2} = {04EEE5B3-8828-40E1-8F57-56190557A86A}
		{3B820DFF-CD28-4A30-9084-FE687AD24314} = {C2A6A7DA-F99B-4925-99FD-E7711C718C70}
		{93893006-977C-4A30-A563-D818742FA4F1} = {3B820DFF-CD28-4A30-9084-FE687AD24314}
		{EFFC6FB3-8030-4061-8EE2-006436A2D16B} = {3B820DFF-CD28-4A30-9084-FE687AD24314}
		{DCA65156-229A-4432-9746-7BB599EDD770} = {C2A6A7DA-F99B-4925-99FD-E7711C718C70}
		{1BD10A2A-81DC-4255-A31C-25ECD91B6DF7} = {DCA65156-229A-4432-9746-7BB599EDD770}
		{678D34D8-1103-4C6B-8451-15256DBD8B7B} = {DCA65156-229A-4432-9746-7BB599EDD770}
		{3916F058-C078-462A-B279-40470224C3D9} = {C2A6A7DA-F99B-4925-99FD-E7711C718C70}
		{D406A4A3-FFAC-4F2D-93FB-5B7027C83A22} = {3916F058-C078-462A-B279-40470224C3D9}
		{492A3E70-8A48-4986-AE0D-0D22E34A19A9} = {3916F058-C078-462A-B279-40470224C3D9}
		{8066E93C-141E-4540-9463-8F95E1330E15} = {3916F058-C078-462A-B279-40470224C3D9}
		{2ACBB083-7294-4182-A1DF-65C65E3E45AE} = {3916F058-C078-462A-B279-40470224C3D9}
		{392C0032-7D57-4B07-B817-C05513B8E218} = {51B54C8C-62A2-4160-82F9-CF95D90D5657}
		{0FC6F357-E6EF-46E4-8487-5A470B7B8F50} = {2C68B005-70DF-4DA2-98D0-71B153359879}
		{4A330998-16E9-4A3A-BC97-B718DD88F3C8} = {2C68B005-70DF-4DA2-98D0-71B153359879}
		{A37FBA84-796B-4D87-9668-285B50DFBC0C} = {79CF64F6-97F4-43E4-9E4D-70E335F243E6}
	EndGlobalSection
	GlobalSection(ExtensibilityGlobals) = postSolution
		SolutionGuid = {CEB74F58-2372-4DF5-BAAF-8C7FA42C8774}
	EndGlobalSection
EndGlobal
